# The engine this checkout builds against: our CEF build (docs/cef-source-build.md › "The pinned engine").
# Written by scripts/engine.sh pack; setup.sh installs it and engine.sh verify checks vendor/cef against it.
ENGINE_DIST="cef_binary_154.0.28+g564dd6c+chromium-154.0.8037.58_macosarm64_minimal"
ENGINE_TREE_SHA256="d99d3715a92f7abadd50929b46ee45c07ce3d23d26b059ec3028b61be69446d0"
ENGINE_ARCHIVE_SHA256="829024c35a80f9b24ccbf2b91df8e40468f56a5e7ece156ac3d182326d1e354a"
ENGINE_REPO="mantrakp04/netnyahoo-engine"
ENGINE_TAG="engine-154.0.28+g564dd6c-d99d3715"
