# The engine this checkout builds against: our CEF build (docs/cef-source-build.md › "The pinned engine").
# Written by scripts/engine.sh pack; setup.sh installs it and engine.sh verify checks vendor/cef against it.
ENGINE_DIST="cef_binary_154.0.28+g564dd6c+chromium-154.0.8037.58_macosarm64_minimal"
ENGINE_TREE_SHA256="7159beda4cd9f550b2b7f7eba695f5a5f41da4cc6218cf9329250a06f3c7ea45"
ENGINE_ARCHIVE_SHA256="b1fae192e4bb7db019f33c17394f7774d60e0da5306f897205fd5125d3e9c94d"
ENGINE_REPO="mantrakp04/netnyahoo-engine"
ENGINE_TAG="engine-154.0.28+g564dd6c-7159beda"
